
Microsoft Visual Studio Solution File, Format Version 12.00
# Visual Studio Version 17
VisualStudioVersion = 17.1.32210.238
MinimumVisualStudioVersion = 10.0.40219.1
Project("{FAE04EC0-301F-11D3-BF4B-00C04F79EFBC}") = "Olympic-stats-xamarin.UWP", "Olympic-stats-xamarin.UWP\Olympic-stats-xamarin.UWP.csproj", "{C70936C3-5ED4-4590-8282-44ACF1A349E8}"
EndProject
Project("{FAE04EC0-301F-11D3-BF4B-00C04F79EFBC}") = "Olympic-stats-xamarin.Android", "Olympic-stats-xamarin.Android\Olympic-stats-xamarin.Android.csproj", "{699E906B-D07F-4326-B868-F3B0173F76EA}"
EndProject
Project("{FAE04EC0-301F-11D3-BF4B-00C04F79EFBC}") = "Olympic-stats-xamarin.iOS", "Olympic-stats-xamarin.iOS\Olympic-stats-xamarin.iOS.csproj", "{CBF55C4B-CBEB-4C65-A5F7-169FF6FCCC36}"
EndProject
Project("{FAE04EC0-301F-11D3-BF4B-00C04F79EFBC}") = "Olympic-stats-xamarin", "Olympic-stats-xamarin\Olympic-stats-xamarin.csproj", "{84E51543-C073-4AEF-BD92-9605FDBB71D3}"
EndProject
Global
	GlobalSection(SolutionConfigurationPlatforms) = preSolution
		Debug|Any CPU = Debug|Any CPU
		Debug|ARM = Debug|ARM
		Debug|iPhone = Debug|iPhone
		Debug|iPhoneSimulator = Debug|iPhoneSimulator
		Debug|x64 = Debug|x64
		Debug|x86 = Debug|x86
		Release|Any CPU = Release|Any CPU
		Release|ARM = Release|ARM
		Release|iPhone = Release|iPhone
		Release|iPhoneSimulator = Release|iPhoneSimulator
		Release|x64 = Release|x64
		Release|x86 = Release|x86
	EndGlobalSection
	GlobalSection(ProjectConfigurationPlatforms) = postSolution
		{C70936C3-5ED4-4590-8282-44ACF1A349E8}.Debug|Any CPU.ActiveCfg = Debug|x64
		{C70936C3-5ED4-4590-8282-44ACF1A349E8}.Debug|Any CPU.Build.0 = Debug|x64
		{C70936C3-5ED4-4590-8282-44ACF1A349E8}.Debug|Any CPU.Deploy.0 = Debug|x64
		{C70936C3-5ED4-4590-8282-44ACF1A349E8}.Debug|ARM.ActiveCfg = Debug|ARM
		{C70936C3-5ED4-4590-8282-44ACF1A349E8}.Debug|ARM.Build.0 = Debug|ARM
		{C70936C3-5ED4-4590-8282-44ACF1A349E8}.Debug|ARM.Deploy.0 = Debug|ARM
		{C70936C3-5ED4-4590-8282-44ACF1A349E8}.Debug|iPhone.ActiveCfg = Debug|x64
		{C70936C3-5ED4-4590-8282-44ACF1A349E8}.Debug|iPhone.Build.0 = Debug|x64
		{C70936C3-5ED4-4590-8282-44ACF1A349E8}.Debug|iPhone.Deploy.0 = Debug|x64
		{C70936C3-5ED4-4590-8282-44ACF1A349E8}.Debug|iPhoneSimulator.ActiveCfg = Debug|x64
		{C70936C3-5ED4-4590-8282-44ACF1A349E8}.Debug|iPhoneSimulator.Build.0 = Debug|x64
		{C70936C3-5ED4-4590-8282-44ACF1A349E8}.Debug|iPhoneSimulator.Deploy.0 = Debug|x64
		{C70936C3-5ED4-4590-8282-44ACF1A349E8}.Debug|x64.ActiveCfg = Debug|x64
		{C70936C3-5ED4-4590-8282-44ACF1A349E8}.Debug|x64.Build.0 = Debug|x64
		{C70936C3-5ED4-4590-8282-44ACF1A349E8}.Debug|x64.Deploy.0 = Debug|x64
		{C70936C3-5ED4-4590-8282-44ACF1A349E8}.Debug|x86.ActiveCfg = Debug|x86
		{C70936C3-5ED4-4590-8282-44ACF1A349E8}.Debug|x86.Build.0 = Debug|x86
		{C70936C3-5ED4-4590-8282-44ACF1A349E8}.Debug|x86.Deploy.0 = Debug|x86
		{C70936C3-5ED4-4590-8282-44ACF1A349E8}.Release|Any CPU.ActiveCfg = Release|x64
		{C70936C3-5ED4-4590-8282-44ACF1A349E8}.Release|Any CPU.Build.0 = Release|x64
		{C70936C3-5ED4-4590-8282-44ACF1A349E8}.Release|Any CPU.Deploy.0 = Release|x64
		{C70936C3-5ED4-4590-8282-44ACF1A349E8}.Release|ARM.ActiveCfg = Release|ARM
		{C70936C3-5ED4-4590-8282-44ACF1A349E8}.Release|ARM.Build.0 = Release|ARM
		{C70936C3-5ED4-4590-8282-44ACF1A349E8}.Release|ARM.Deploy.0 = Release|ARM
		{C70936C3-5ED4-4590-8282-44ACF1A349E8}.Release|iPhone.ActiveCfg = Release|x64
		{C70936C3-5ED4-4590-8282-44ACF1A349E8}.Release|iPhone.Build.0 = Release|x64
		{C70936C3-5ED4-4590-8282-44ACF1A349E8}.Release|iPhone.Deploy.0 = Release|x64
		{C70936C3-5ED4-4590-8282-44ACF1A349E8}.Release|iPhoneSimulator.ActiveCfg = Release|x64
		{C70936C3-5ED4-4590-8282-44ACF1A349E8}.Release|iPhoneSimulator.Build.0 = Release|x64
		{C70936C3-5ED4-4590-8282-44ACF1A349E8}.Release|iPhoneSimulator.Deploy.0 = Release|x64
		{C70936C3-5ED4-4590-8282-44ACF1A349E8}.Release|x64.ActiveCfg = Release|x64
		{C70936C3-5ED4-4590-8282-44ACF1A349E8}.Release|x64.Build.0 = Release|x64
		{C70936C3-5ED4-4590-8282-44ACF1A349E8}.Release|x64.Deploy.0 = Release|x64
		{C70936C3-5ED4-4590-8282-44ACF1A349E8}.Release|x86.ActiveCfg = Release|x86
		{C70936C3-5ED4-4590-8282-44ACF1A349E8}.Release|x86.Build.0 = Release|x86
		{C70936C3-5ED4-4590-8282-44ACF1A349E8}.Release|x86.Deploy.0 = Release|x86
		{699E906B-D07F-4326-B868-F3B0173F76EA}.Debug|Any CPU.ActiveCfg = Debug|Any CPU
		{699E906B-D07F-4326-B868-F3B0173F76EA}.Debug|Any CPU.Build.0 = Debug|Any CPU
		{699E906B-D07F-4326-B868-F3B0173F76EA}.Debug|Any CPU.Deploy.0 = Debug|Any CPU
		{699E906B-D07F-4326-B868-F3B0173F76EA}.Debug|ARM.ActiveCfg = Debug|Any CPU
		{699E906B-D07F-4326-B868-F3B0173F76EA}.Debug|ARM.Build.0 = Debug|Any CPU
		{699E906B-D07F-4326-B868-F3B0173F76EA}.Debug|ARM.Deploy.0 = Debug|Any CPU
		{699E906B-D07F-4326-B868-F3B0173F76EA}.Debug|iPhone.ActiveCfg = Debug|Any CPU
		{699E906B-D07F-4326-B868-F3B0173F76EA}.Debug|iPhone.Build.0 = Debug|Any CPU
		{699E906B-D07F-4326-B868-F3B0173F76EA}.Debug|iPhone.Deploy.0 = Debug|Any CPU
		{699E906B-D07F-4326-B868-F3B0173F76EA}.Debug|iPhoneSimulator.ActiveCfg = Debug|Any CPU
		{699E906B-D07F-4326-B868-F3B0173F76EA}.Debug|iPhoneSimulator.Build.0 = Debug|Any CPU
		{699E906B-D07F-4326-B868-F3B0173F76EA}.Debug|iPhoneSimulator.Deploy.0 = Debug|Any CPU
		{699E906B-D07F-4326-B868-F3B0173F76EA}.Debug|x64.ActiveCfg = Debug|Any CPU
		{699E906B-D07F-4326-B868-F3B0173F76EA}.Debug|x64.Build.0 = Debug|Any CPU
		{699E906B-D07F-4326-B868-F3B0173F76EA}.Debug|x64.Deploy.0 = Debug|Any CPU
		{699E906B-D07F-4326-B868-F3B0173F76EA}.Debug|x86.ActiveCfg = Debug|Any CPU
		{699E906B-D07F-4326-B868-F3B0173F76EA}.Debug|x86.Build.0 = Debug|Any CPU
		{699E906B-D07F-4326-B868-F3B0173F76EA}.Debug|x86.Deploy.0 = Debug|Any CPU
		{699E906B-D07F-4326-B868-F3B0173F76EA}.Release|Any CPU.ActiveCfg = Release|Any CPU
		{699E906B-D07F-4326-B868-F3B0173F76EA}.Release|Any CPU.Build.0 = Release|Any CPU
		{699E906B-D07F-4326-B868-F3B0173F76EA}.Release|Any CPU.Deploy.0 = Release|Any CPU
		{699E906B-D07F-4326-B868-F3B0173F76EA}.Release|ARM.ActiveCfg = Release|Any CPU
		{699E906B-D07F-4326-B868-F3B0173F76EA}.Release|ARM.Build.0 = Release|Any CPU
		{699E906B-D07F-4326-B868-F3B0173F76EA}.Release|ARM.Deploy.0 = Release|Any CPU
		{699E906B-D07F-4326-B868-F3B0173F76EA}.Release|iPhone.ActiveCfg = Release|Any CPU
		{699E906B-D07F-4326-B868-F3B0173F76EA}.Release|iPhone.Build.0 = Release|Any CPU
		{699E906B-D07F-4326-B868-F3B0173F76EA}.Release|iPhone.Deploy.0 = Release|Any CPU
		{699E906B-D07F-4326-B868-F3B0173F76EA}.Release|iPhoneSimulator.ActiveCfg = Release|Any CPU
		{699E906B-D07F-4326-B868-F3B0173F76EA}.Release|iPhoneSimulator.Build.0 = Release|Any CPU
		{699E906B-D07F-4326-B868-F3B0173F76EA}.Release|iPhoneSimulator.Deploy.0 = Release|Any CPU
		{699E906B-D07F-4326-B868-F3B0173F76EA}.Release|x64.ActiveCfg = Release|Any CPU
		{699E906B-D07F-4326-B868-F3B0173F76EA}.Release|x64.Build.0 = Release|Any CPU
		{699E906B-D07F-4326-B868-F3B0173F76EA}.Release|x64.Deploy.0 = Release|Any CPU
		{699E906B-D07F-4326-B868-F3B0173F76EA}.Release|x86.ActiveCfg = Release|Any CPU
		{699E906B-D07F-4326-B868-F3B0173F76EA}.Release|x86.Build.0 = Release|Any CPU
		{699E906B-D07F-4326-B868-F3B0173F76EA}.Release|x86.Deploy.0 = Release|Any CPU
		{CBF55C4B-CBEB-4C65-A5F7-169FF6FCCC36}.Debug|Any CPU.ActiveCfg = Debug|iPhoneSimulator
		{CBF55C4B-CBEB-4C65-A5F7-169FF6FCCC36}.Debug|Any CPU.Build.0 = Debug|iPhoneSimulator
		{CBF55C4B-CBEB-4C65-A5F7-169FF6FCCC36}.Debug|Any CPU.Deploy.0 = Debug|iPhoneSimulator
		{CBF55C4B-CBEB-4C65-A5F7-169FF6FCCC36}.Debug|ARM.ActiveCfg = Debug|iPhoneSimulator
		{CBF55C4B-CBEB-4C65-A5F7-169FF6FCCC36}.Debug|ARM.Build.0 = Debug|iPhoneSimulator
		{CBF55C4B-CBEB-4C65-A5F7-169FF6FCCC36}.Debug|ARM.Deploy.0 = Debug|iPhoneSimulator
		{CBF55C4B-CBEB-4C65-A5F7-169FF6FCCC36}.Debug|iPhone.ActiveCfg = Debug|iPhone
		{CBF55C4B-CBEB-4C65-A5F7-169FF6FCCC36}.Debug|iPhone.Build.0 = Debug|iPhone
		{CBF55C4B-CBEB-4C65-A5F7-169FF6FCCC36}.Debug|iPhone.Deploy.0 = Debug|iPhone
		{CBF55C4B-CBEB-4C65-A5F7-169FF6FCCC36}.Debug|iPhoneSimulator.ActiveCfg = Debug|iPhoneSimulator
		{CBF55C4B-CBEB-4C65-A5F7-169FF6FCCC36}.Debug|iPhoneSimulator.Build.0 = Debug|iPhoneSimulator
		{CBF55C4B-CBEB-4C65-A5F7-169FF6FCCC36}.Debug|iPhoneSimulator.Deploy.0 = Debug|iPhoneSimulator
		{CBF55C4B-CBEB-4C65-A5F7-169FF6FCCC36}.Debug|x64.ActiveCfg = Debug|iPhone
		{CBF55C4B-CBEB-4C65-A5F7-169FF6FCCC36}.Debug|x64.Build.0 = Debug|iPhone
		{CBF55C4B-CBEB-4C65-A5F7-169FF6FCCC36}.Debug|x64.Deploy.0 = Debug|iPhone
		{CBF55C4B-CBEB-4C65-A5F7-169FF6FCCC36}.Debug|x86.ActiveCfg = Debug|iPhoneSimulator
		{CBF55C4B-CBEB-4C65-A5F7-169FF6FCCC36}.Debug|x86.Build.0 = Debug|iPhoneSimulator
		{CBF55C4B-CBEB-4C65-A5F7-169FF6FCCC36}.Debug|x86.Deploy.0 = Debug|iPhoneSimulator
		{CBF55C4B-CBEB-4C65-A5F7-169FF6FCCC36}.Release|Any CPU.ActiveCfg = Release|iPhoneSimulator
		{CBF55C4B-CBEB-4C65-A5F7-169FF6FCCC36}.Release|Any CPU.Build.0 = Release|iPhoneSimulator
		{CBF55C4B-CBEB-4C65-A5F7-169FF6FCCC36}.Release|Any CPU.Deploy.0 = Release|iPhoneSimulator
		{CBF55C4B-CBEB-4C65-A5F7-169FF6FCCC36}.Release|ARM.ActiveCfg = Release|iPhoneSimulator
		{CBF55C4B-CBEB-4C65-A5F7-169FF6FCCC36}.Release|ARM.Build.0 = Release|iPhoneSimulator
		{CBF55C4B-CBEB-4C65-A5F7-169FF6FCCC36}.Release|ARM.Deploy.0 = Release|iPhoneSimulator
		{CBF55C4B-CBEB-4C65-A5F7-169FF6FCCC36}.Release|iPhone.ActiveCfg = Release|iPhone
		{CBF55C4B-CBEB-4C65-A5F7-169FF6FCCC36}.Release|iPhone.Build.0 = Release|iPhone
		{CBF55C4B-CBEB-4C65-A5F7-169FF6FCCC36}.Release|iPhone.Deploy.0 = Release|iPhone
		{CBF55C4B-CBEB-4C65-A5F7-169FF6FCCC36}.Release|iPhoneSimulator.ActiveCfg = Release|iPhoneSimulator
		{CBF55C4B-CBEB-4C65-A5F7-169FF6FCCC36}.Release|iPhoneSimulator.Build.0 = Release|iPhoneSimulator
		{CBF55C4B-CBEB-4C65-A5F7-169FF6FCCC36}.Release|iPhoneSimulator.Deploy.0 = Release|iPhoneSimulator
		{CBF55C4B-CBEB-4C65-A5F7-169FF6FCCC36}.Release|x64.ActiveCfg = Release|iPhoneSimulator
		{CBF55C4B-CBEB-4C65-A5F7-169FF6FCCC36}.Release|x64.Build.0 = Release|iPhoneSimulator
		{CBF55C4B-CBEB-4C65-A5F7-169FF6FCCC36}.Release|x64.Deploy.0 = Release|iPhoneSimulator
		{CBF55C4B-CBEB-4C65-A5F7-169FF6FCCC36}.Release|x86.ActiveCfg = Release|iPhoneSimulator
		{CBF55C4B-CBEB-4C65-A5F7-169FF6FCCC36}.Release|x86.Build.0 = Release|iPhoneSimulator
		{CBF55C4B-CBEB-4C65-A5F7-169FF6FCCC36}.Release|x86.Deploy.0 = Release|iPhoneSimulator
		{84E51543-C073-4AEF-BD92-9605FDBB71D3}.Debug|Any CPU.ActiveCfg = Debug|Any CPU
		{84E51543-C073-4AEF-BD92-9605FDBB71D3}.Debug|Any CPU.Build.0 = Debug|Any CPU
		{84E51543-C073-4AEF-BD92-9605FDBB71D3}.Debug|Any CPU.Deploy.0 = Debug|Any CPU
		{84E51543-C073-4AEF-BD92-9605FDBB71D3}.Debug|ARM.ActiveCfg = Debug|Any CPU
		{84E51543-C073-4AEF-BD92-9605FDBB71D3}.Debug|ARM.Build.0 = Debug|Any CPU
		{84E51543-C073-4AEF-BD92-9605FDBB71D3}.Debug|ARM.Deploy.0 = Debug|Any CPU
		{84E51543-C073-4AEF-BD92-9605FDBB71D3}.Debug|iPhone.ActiveCfg = Debug|Any CPU
		{84E51543-C073-4AEF-BD92-9605FDBB71D3}.Debug|iPhone.Build.0 = Debug|Any CPU
		{84E51543-C073-4AEF-BD92-9605FDBB71D3}.Debug|iPhone.Deploy.0 = Debug|Any CPU
		{84E51543-C073-4AEF-BD92-9605FDBB71D3}.Debug|iPhoneSimulator.ActiveCfg = Debug|Any CPU
		{84E51543-C073-4AEF-BD92-9605FDBB71D3}.Debug|iPhoneSimulator.Build.0 = Debug|Any CPU
		{84E51543-C073-4AEF-BD92-9605FDBB71D3}.Debug|iPhoneSimulator.Deploy.0 = Debug|Any CPU
		{84E51543-C073-4AEF-BD92-9605FDBB71D3}.Debug|x64.ActiveCfg = Debug|Any CPU
		{84E51543-C073-4AEF-BD92-9605FDBB71D3}.Debug|x64.Build.0 = Debug|Any CPU
		{84E51543-C073-4AEF-BD92-9605FDBB71D3}.Debug|x64.Deploy.0 = Debug|Any CPU
		{84E51543-C073-4AEF-BD92-9605FDBB71D3}.Debug|x86.ActiveCfg = Debug|Any CPU
		{84E51543-C073-4AEF-BD92-9605FDBB71D3}.Debug|x86.Build.0 = Debug|Any CPU
		{84E51543-C073-4AEF-BD92-9605FDBB71D3}.Debug|x86.Deploy.0 = Debug|Any CPU
		{84E51543-C073-4AEF-BD92-9605FDBB71D3}.Release|Any CPU.ActiveCfg = Release|Any CPU
		{84E51543-C073-4AEF-BD92-9605FDBB71D3}.Release|Any CPU.Build.0 = Release|Any CPU
		{84E51543-C073-4AEF-BD92-9605FDBB71D3}.Release|Any CPU.Deploy.0 = Release|Any CPU
		{84E51543-C073-4AEF-BD92-9605FDBB71D3}.Release|ARM.ActiveCfg = Release|Any CPU
		{84E51543-C073-4AEF-BD92-9605FDBB71D3}.Release|ARM.Build.0 = Release|Any CPU
		{84E51543-C073-4AEF-BD92-9605FDBB71D3}.Release|ARM.Deploy.0 = Release|Any CPU
		{84E51543-C073-4AEF-BD92-9605FDBB71D3}.Release|iPhone.ActiveCfg = Release|Any CPU
		{84E51543-C073-4AEF-BD92-9605FDBB71D3}.Release|iPhone.Build.0 = Release|Any CPU
		{84E51543-C073-4AEF-BD92-9605FDBB71D3}.Release|iPhone.Deploy.0 = Release|Any CPU
		{84E51543-C073-4AEF-BD92-9605FDBB71D3}.Release|iPhoneSimulator.ActiveCfg = Release|Any CPU
		{84E51543-C073-4AEF-BD92-9605FDBB71D3}.Release|iPhoneSimulator.Build.0 = Release|Any CPU
		{84E51543-C073-4AEF-BD92-9605FDBB71D3}.Release|iPhoneSimulator.Deploy.0 = Release|Any CPU
		{84E51543-C073-4AEF-BD92-9605FDBB71D3}.Release|x64.ActiveCfg = Release|Any CPU
		{84E51543-C073-4AEF-BD92-9605FDBB71D3}.Release|x64.Build.0 = Release|Any CPU
		{84E51543-C073-4AEF-BD92-9605FDBB71D3}.Release|x64.Deploy.0 = Release|Any CPU
		{84E51543-C073-4AEF-BD92-9605FDBB71D3}.Release|x86.ActiveCfg = Release|Any CPU
		{84E51543-C073-4AEF-BD92-9605FDBB71D3}.Release|x86.Build.0 = Release|Any CPU
		{84E51543-C073-4AEF-BD92-9605FDBB71D3}.Release|x86.Deploy.0 = Release|Any CPU
	EndGlobalSection
	GlobalSection(SolutionProperties) = preSolution
		HideSolutionNode = FALSE
	EndGlobalSection
	GlobalSection(ExtensibilityGlobals) = postSolution
		SolutionGuid = {975EA8AD-AE0F-41A3-8E25-8C0E406CB971}
	EndGlobalSection
EndGlobal
